<Solution>
  <Folder Name="/.github/">
    <File Path=".github/dependabot.yml" />
  </Folder>
  <Folder Name="/.github/actions/" />
  <Folder Name="/.github/actions/dotnet-ci/">
    <File Path=".github/actions/dotnet-ci/action.yml" />
  </Folder>
  <Folder Name="/.github/workflows/">
    <File Path=".github/workflows/publish.yml" />
    <File Path=".github/workflows/push_pull.yml" />
  </Folder>
  <Folder Name="/Solution Items/">
    <File Path=".gitignore" />
    <File Path="Directory.Packages.props" />
    <File Path="global.json" />
    <File Path="publish.ps1" />
  </Folder>
  <Project Path="PeripheralAudit.Tests/PeripheralAudit.Tests.csproj" />
  <Project Path="PeripheralAudit/PeripheralAudit.csproj" />
</Solution>
