<Solution>
  <Folder Name="/Solution Items/">
    <File Path=".github/dependabot.yml" />
    <File Path=".gitignore" />
    <File Path="Directory.Packages.props" />
    <File Path="publish.ps1" />
  </Folder>
  <Project Path="PeripheralAudit.Tests/PeripheralAudit.Tests.csproj" />
  <Project Path="PeripheralAudit/PeripheralAudit.csproj" />
</Solution>
